
Microsoft Visual Studio Solution File, Format Version 12.00
# Visual Studio 2013
VisualStudioVersion = 12.0.21005.1
MinimumVisualStudioVersion = 10.0.40219.1
Project("{2150E333-8FDC-42A3-9474-1A3956D46DE8}") = "PhysiotherapyCare", "PhysiotherapyCare", "{10F2B844-CB04-40AF-A522-466366C9637E}"
EndProject
Project("{2150E333-8FDC-42A3-9474-1A3956D46DE8}") = "MKH.Library", "MKH.Library", "{8E85D512-F46D-4A68-BFE6-0F7C13673385}"
EndProject
Project("{FAE04EC0-301F-11D3-BF4B-00C04F79EFBC}") = "MKH.Library", "..\MKH.Library\MKH.Library\MKH.Library.csproj", "{5B5748B5-7246-443F-B5EF-8D2A34ABC134}"
EndProject
Project("{FAE04EC0-301F-11D3-BF4B-00C04F79EFBC}") = "MKH.Library.Test", "..\MKH.Library\MKH.Library.Test\MKH.Library.Test.csproj", "{63D4F3C7-DD6C-446F-885D-7397A59FB5AF}"
EndProject
Project("{2150E333-8FDC-42A3-9474-1A3956D46DE8}") = "MKH.Permission", "MKH.Permission", "{91EC1582-DA3C-42F3-A4A8-5242BD5C026E}"
EndProject
Project("{2150E333-8FDC-42A3-9474-1A3956D46DE8}") = "MKH.Contacts", "MKH.Contacts", "{894D9770-8703-409A-800F-94468C192CA3}"
EndProject
Project("{2150E333-8FDC-42A3-9474-1A3956D46DE8}") = "MKH.SMS", "MKH.SMS", "{E0589B97-92EB-4838-B0C0-1E992CAB15AF}"
EndProject
Project("{FAE04EC0-301F-11D3-BF4B-00C04F79EFBC}") = "MKH.Permission.Model", "..\MKH.Permission\MKH.Permission.Model\MKH.Permission.Model.csproj", "{E6A63853-D0DD-4557-88C5-75FB63CA9DDF}"
EndProject
Project("{FAE04EC0-301F-11D3-BF4B-00C04F79EFBC}") = "MKH.Permission.ViewModel", "..\MKH.Permission\MKH.Permission.ViewModel\MKH.Permission.ViewModel.csproj", "{8998106E-2678-40C6-9BFD-A9C6638D7223}"
EndProject
Project("{FAE04EC0-301F-11D3-BF4B-00C04F79EFBC}") = "MKH.Permission.View", "..\MKH.Permission\MKH.Permission.View\MKH.Permission.View.csproj", "{B359BAF8-7E36-4664-9DB7-73C8D42527C5}"
EndProject
Project("{FAE04EC0-301F-11D3-BF4B-00C04F79EFBC}") = "MKH.Permission", "..\MKH.Permission\MKH.Permission\MKH.Permission.csproj", "{A297726A-1ED2-483D-B39B-853F04A7F879}"
EndProject
Project("{FAE04EC0-301F-11D3-BF4B-00C04F79EFBC}") = "MKH.SMS.Model", "..\MKH.SMS\MKH.SMS.Model\MKH.SMS.Model.csproj", "{98C0BCFD-FD05-460D-8B2F-6D07538B5CA4}"
EndProject
Project("{FAE04EC0-301F-11D3-BF4B-00C04F79EFBC}") = "MKH.SMS.ViewModel", "..\MKH.SMS\MKH.SMS.ViewModel\MKH.SMS.ViewModel.csproj", "{B5E35887-3B7E-4F5E-BE1E-6B8E73E29230}"
EndProject
Project("{FAE04EC0-301F-11D3-BF4B-00C04F79EFBC}") = "MKH.SMS.View", "..\MKH.SMS\MKH.SMS.View\MKH.SMS.View.csproj", "{A86FDF38-0B0B-4B44-83A9-522417B4C55F}"
EndProject
Project("{FAE04EC0-301F-11D3-BF4B-00C04F79EFBC}") = "MKH.SMS", "..\MKH.SMS\MKH.SMS\MKH.SMS.csproj", "{6B850159-65C6-418D-BDB8-0C61CACA7EE4}"
EndProject
Project("{FAE04EC0-301F-11D3-BF4B-00C04F79EFBC}") = "MKH.Contacts.Model", "..\MKH.Contacts\MKH.Contacts.Model\MKH.Contacts.Model.csproj", "{24E1EF74-2163-47F1-AF52-EF713195AAFE}"
EndProject
Project("{FAE04EC0-301F-11D3-BF4B-00C04F79EFBC}") = "MKH.Contacts.ViewModel", "..\MKH.Contacts\MKH.Contacts.ViewModel\MKH.Contacts.ViewModel.csproj", "{377C96AF-EF1B-4FA1-9A02-BF912E0C97D5}"
EndProject
Project("{FAE04EC0-301F-11D3-BF4B-00C04F79EFBC}") = "MKH.Contacts.View", "..\MKH.Contacts\MKH.Contacts.View\MKH.Contacts.View.csproj", "{DC28AF5F-BC96-497E-99D9-153D7E7111E7}"
EndProject
Project("{FAE04EC0-301F-11D3-BF4B-00C04F79EFBC}") = "MKH.Contacts", "..\MKH.Contacts\MKH.Contacts\MKH.Contacts.csproj", "{6C42F45E-F3F6-4D5B-ACD8-B564D7443573}"
EndProject
Project("{FAE04EC0-301F-11D3-BF4B-00C04F79EFBC}") = "PhysiotherapyCare.Model", "PhysiotherapyCare.Model\PhysiotherapyCare.Model.csproj", "{6F89CFD7-8D34-497A-A5CC-E7A1B7F62E7C}"
EndProject
Project("{FAE04EC0-301F-11D3-BF4B-00C04F79EFBC}") = "PhysiotherapyCare.ViewModel", "PhysiotherapyCare.ViewModel\PhysiotherapyCare.ViewModel.csproj", "{46B2FA4A-0F9F-4532-AF2D-70960D6D1631}"
EndProject
Project("{FAE04EC0-301F-11D3-BF4B-00C04F79EFBC}") = "PhysiotherapyCare.View", "PhysiotherapyCare.View\PhysiotherapyCare.View.csproj", "{52CEEA8F-B059-4612-B20B-36FF3D768795}"
EndProject
Project("{FAE04EC0-301F-11D3-BF4B-00C04F79EFBC}") = "PhysiotherapyCare", "PhysiotherapyCare\PhysiotherapyCare.csproj", "{BFA19412-909E-4B6B-BA01-AEAD1AB7BDE9}"
EndProject
Global
	GlobalSection(SolutionConfigurationPlatforms) = preSolution
		Debug|Any CPU = Debug|Any CPU
		Release|Any CPU = Release|Any CPU
	EndGlobalSection
	GlobalSection(ProjectConfigurationPlatforms) = postSolution
		{5B5748B5-7246-443F-B5EF-8D2A34ABC134}.Debug|Any CPU.ActiveCfg = Debug|Any CPU
		{5B5748B5-7246-443F-B5EF-8D2A34ABC134}.Debug|Any CPU.Build.0 = Debug|Any CPU
		{5B5748B5-7246-443F-B5EF-8D2A34ABC134}.Release|Any CPU.ActiveCfg = Release|Any CPU
		{5B5748B5-7246-443F-B5EF-8D2A34ABC134}.Release|Any CPU.Build.0 = Release|Any CPU
		{63D4F3C7-DD6C-446F-885D-7397A59FB5AF}.Debug|Any CPU.ActiveCfg = Debug|Any CPU
		{63D4F3C7-DD6C-446F-885D-7397A59FB5AF}.Debug|Any CPU.Build.0 = Debug|Any CPU
		{63D4F3C7-DD6C-446F-885D-7397A59FB5AF}.Release|Any CPU.ActiveCfg = Release|Any CPU
		{63D4F3C7-DD6C-446F-885D-7397A59FB5AF}.Release|Any CPU.Build.0 = Release|Any CPU
		{E6A63853-D0DD-4557-88C5-75FB63CA9DDF}.Debug|Any CPU.ActiveCfg = Debug|Any CPU
		{E6A63853-D0DD-4557-88C5-75FB63CA9DDF}.Debug|Any CPU.Build.0 = Debug|Any CPU
		{E6A63853-D0DD-4557-88C5-75FB63CA9DDF}.Release|Any CPU.ActiveCfg = Release|Any CPU
		{E6A63853-D0DD-4557-88C5-75FB63CA9DDF}.Release|Any CPU.Build.0 = Release|Any CPU
		{8998106E-2678-40C6-9BFD-A9C6638D7223}.Debug|Any CPU.ActiveCfg = Debug|Any CPU
		{8998106E-2678-40C6-9BFD-A9C6638D7223}.Debug|Any CPU.Build.0 = Debug|Any CPU
		{8998106E-2678-40C6-9BFD-A9C6638D7223}.Release|Any CPU.ActiveCfg = Release|Any CPU
		{8998106E-2678-40C6-9BFD-A9C6638D7223}.Release|Any CPU.Build.0 = Release|Any CPU
		{B359BAF8-7E36-4664-9DB7-73C8D42527C5}.Debug|Any CPU.ActiveCfg = Debug|Any CPU
		{B359BAF8-7E36-4664-9DB7-73C8D42527C5}.Debug|Any CPU.Build.0 = Debug|Any CPU
		{B359BAF8-7E36-4664-9DB7-73C8D42527C5}.Release|Any CPU.ActiveCfg = Release|Any CPU
		{B359BAF8-7E36-4664-9DB7-73C8D42527C5}.Release|Any CPU.Build.0 = Release|Any CPU
		{A297726A-1ED2-483D-B39B-853F04A7F879}.Debug|Any CPU.ActiveCfg = Debug|Any CPU
		{A297726A-1ED2-483D-B39B-853F04A7F879}.Debug|Any CPU.Build.0 = Debug|Any CPU
		{A297726A-1ED2-483D-B39B-853F04A7F879}.Release|Any CPU.ActiveCfg = Release|Any CPU
		{A297726A-1ED2-483D-B39B-853F04A7F879}.Release|Any CPU.Build.0 = Release|Any CPU
		{98C0BCFD-FD05-460D-8B2F-6D07538B5CA4}.Debug|Any CPU.ActiveCfg = Debug|Any CPU
		{98C0BCFD-FD05-460D-8B2F-6D07538B5CA4}.Debug|Any CPU.Build.0 = Debug|Any CPU
		{98C0BCFD-FD05-460D-8B2F-6D07538B5CA4}.Release|Any CPU.ActiveCfg = Release|Any CPU
		{98C0BCFD-FD05-460D-8B2F-6D07538B5CA4}.Release|Any CPU.Build.0 = Release|Any CPU
		{B5E35887-3B7E-4F5E-BE1E-6B8E73E29230}.Debug|Any CPU.ActiveCfg = Debug|Any CPU
		{B5E35887-3B7E-4F5E-BE1E-6B8E73E29230}.Debug|Any CPU.Build.0 = Debug|Any CPU
		{B5E35887-3B7E-4F5E-BE1E-6B8E73E29230}.Release|Any CPU.ActiveCfg = Release|Any CPU
		{B5E35887-3B7E-4F5E-BE1E-6B8E73E29230}.Release|Any CPU.Build.0 = Release|Any CPU
		{A86FDF38-0B0B-4B44-83A9-522417B4C55F}.Debug|Any CPU.ActiveCfg = Debug|Any CPU
		{A86FDF38-0B0B-4B44-83A9-522417B4C55F}.Debug|Any CPU.Build.0 = Debug|Any CPU
		{A86FDF38-0B0B-4B44-83A9-522417B4C55F}.Release|Any CPU.ActiveCfg = Release|Any CPU
		{A86FDF38-0B0B-4B44-83A9-522417B4C55F}.Release|Any CPU.Build.0 = Release|Any CPU
		{6B850159-65C6-418D-BDB8-0C61CACA7EE4}.Debug|Any CPU.ActiveCfg = Debug|Any CPU
		{6B850159-65C6-418D-BDB8-0C61CACA7EE4}.Debug|Any CPU.Build.0 = Debug|Any CPU
		{6B850159-65C6-418D-BDB8-0C61CACA7EE4}.Release|Any CPU.ActiveCfg = Release|Any CPU
		{6B850159-65C6-418D-BDB8-0C61CACA7EE4}.Release|Any CPU.Build.0 = Release|Any CPU
		{24E1EF74-2163-47F1-AF52-EF713195AAFE}.Debug|Any CPU.ActiveCfg = Debug|Any CPU
		{24E1EF74-2163-47F1-AF52-EF713195AAFE}.Debug|Any CPU.Build.0 = Debug|Any CPU
		{24E1EF74-2163-47F1-AF52-EF713195AAFE}.Release|Any CPU.ActiveCfg = Release|Any CPU
		{24E1EF74-2163-47F1-AF52-EF713195AAFE}.Release|Any CPU.Build.0 = Release|Any CPU
		{377C96AF-EF1B-4FA1-9A02-BF912E0C97D5}.Debug|Any CPU.ActiveCfg = Debug|Any CPU
		{377C96AF-EF1B-4FA1-9A02-BF912E0C97D5}.Debug|Any CPU.Build.0 = Debug|Any CPU
		{377C96AF-EF1B-4FA1-9A02-BF912E0C97D5}.Release|Any CPU.ActiveCfg = Release|Any CPU
		{377C96AF-EF1B-4FA1-9A02-BF912E0C97D5}.Release|Any CPU.Build.0 = Release|Any CPU
		{DC28AF5F-BC96-497E-99D9-153D7E7111E7}.Debug|Any CPU.ActiveCfg = Debug|Any CPU
		{DC28AF5F-BC96-497E-99D9-153D7E7111E7}.Debug|Any CPU.Build.0 = Debug|Any CPU
		{DC28AF5F-BC96-497E-99D9-153D7E7111E7}.Release|Any CPU.ActiveCfg = Release|Any CPU
		{DC28AF5F-BC96-497E-99D9-153D7E7111E7}.Release|Any CPU.Build.0 = Release|Any CPU
		{6C42F45E-F3F6-4D5B-ACD8-B564D7443573}.Debug|Any CPU.ActiveCfg = Debug|Any CPU
		{6C42F45E-F3F6-4D5B-ACD8-B564D7443573}.Debug|Any CPU.Build.0 = Debug|Any CPU
		{6C42F45E-F3F6-4D5B-ACD8-B564D7443573}.Release|Any CPU.ActiveCfg = Release|Any CPU
		{6C42F45E-F3F6-4D5B-ACD8-B564D7443573}.Release|Any CPU.Build.0 = Release|Any CPU
		{6F89CFD7-8D34-497A-A5CC-E7A1B7F62E7C}.Debug|Any CPU.ActiveCfg = Debug|Any CPU
		{6F89CFD7-8D34-497A-A5CC-E7A1B7F62E7C}.Debug|Any CPU.Build.0 = Debug|Any CPU
		{6F89CFD7-8D34-497A-A5CC-E7A1B7F62E7C}.Release|Any CPU.ActiveCfg = Release|Any CPU
		{6F89CFD7-8D34-497A-A5CC-E7A1B7F62E7C}.Release|Any CPU.Build.0 = Release|Any CPU
		{46B2FA4A-0F9F-4532-AF2D-70960D6D1631}.Debug|Any CPU.ActiveCfg = Debug|Any CPU
		{46B2FA4A-0F9F-4532-AF2D-70960D6D1631}.Debug|Any CPU.Build.0 = Debug|Any CPU
		{46B2FA4A-0F9F-4532-AF2D-70960D6D1631}.Release|Any CPU.ActiveCfg = Release|Any CPU
		{46B2FA4A-0F9F-4532-AF2D-70960D6D1631}.Release|Any CPU.Build.0 = Release|Any CPU
		{52CEEA8F-B059-4612-B20B-36FF3D768795}.Debug|Any CPU.ActiveCfg = Debug|Any CPU
		{52CEEA8F-B059-4612-B20B-36FF3D768795}.Debug|Any CPU.Build.0 = Debug|Any CPU
		{52CEEA8F-B059-4612-B20B-36FF3D768795}.Release|Any CPU.ActiveCfg = Release|Any CPU
		{52CEEA8F-B059-4612-B20B-36FF3D768795}.Release|Any CPU.Build.0 = Release|Any CPU
		{BFA19412-909E-4B6B-BA01-AEAD1AB7BDE9}.Debug|Any CPU.ActiveCfg = Debug|Any CPU
		{BFA19412-909E-4B6B-BA01-AEAD1AB7BDE9}.Debug|Any CPU.Build.0 = Debug|Any CPU
		{BFA19412-909E-4B6B-BA01-AEAD1AB7BDE9}.Release|Any CPU.ActiveCfg = Release|Any CPU
		{BFA19412-909E-4B6B-BA01-AEAD1AB7BDE9}.Release|Any CPU.Build.0 = Release|Any CPU
	EndGlobalSection
	GlobalSection(SolutionProperties) = preSolution
		HideSolutionNode = FALSE
	EndGlobalSection
	GlobalSection(NestedProjects) = preSolution
		{6F89CFD7-8D34-497A-A5CC-E7A1B7F62E7C} = {10F2B844-CB04-40AF-A522-466366C9637E}
		{46B2FA4A-0F9F-4532-AF2D-70960D6D1631} = {10F2B844-CB04-40AF-A522-466366C9637E}
		{52CEEA8F-B059-4612-B20B-36FF3D768795} = {10F2B844-CB04-40AF-A522-466366C9637E}
		{BFA19412-909E-4B6B-BA01-AEAD1AB7BDE9} = {10F2B844-CB04-40AF-A522-466366C9637E}
		{5B5748B5-7246-443F-B5EF-8D2A34ABC134} = {8E85D512-F46D-4A68-BFE6-0F7C13673385}
		{63D4F3C7-DD6C-446F-885D-7397A59FB5AF} = {8E85D512-F46D-4A68-BFE6-0F7C13673385}
		{E6A63853-D0DD-4557-88C5-75FB63CA9DDF} = {91EC1582-DA3C-42F3-A4A8-5242BD5C026E}
		{8998106E-2678-40C6-9BFD-A9C6638D7223} = {91EC1582-DA3C-42F3-A4A8-5242BD5C026E}
		{B359BAF8-7E36-4664-9DB7-73C8D42527C5} = {91EC1582-DA3C-42F3-A4A8-5242BD5C026E}
		{A297726A-1ED2-483D-B39B-853F04A7F879} = {91EC1582-DA3C-42F3-A4A8-5242BD5C026E}
		{24E1EF74-2163-47F1-AF52-EF713195AAFE} = {894D9770-8703-409A-800F-94468C192CA3}
		{377C96AF-EF1B-4FA1-9A02-BF912E0C97D5} = {894D9770-8703-409A-800F-94468C192CA3}
		{DC28AF5F-BC96-497E-99D9-153D7E7111E7} = {894D9770-8703-409A-800F-94468C192CA3}
		{6C42F45E-F3F6-4D5B-ACD8-B564D7443573} = {894D9770-8703-409A-800F-94468C192CA3}
		{98C0BCFD-FD05-460D-8B2F-6D07538B5CA4} = {E0589B97-92EB-4838-B0C0-1E992CAB15AF}
		{B5E35887-3B7E-4F5E-BE1E-6B8E73E29230} = {E0589B97-92EB-4838-B0C0-1E992CAB15AF}
		{A86FDF38-0B0B-4B44-83A9-522417B4C55F} = {E0589B97-92EB-4838-B0C0-1E992CAB15AF}
		{6B850159-65C6-418D-BDB8-0C61CACA7EE4} = {E0589B97-92EB-4838-B0C0-1E992CAB15AF}
	EndGlobalSection
EndGlobal
